
Microsoft Visual Studio Solution File, Format Version 12.00
# Visual Studio Version 16
VisualStudioVersion = 16.0.30204.135
MinimumVisualStudioVersion = 10.0.40219.1
Project("{FAE04EC0-301F-11D3-BF4B-00C04F79EFBC}") = "Kpo_8", "Kpo_8\Kpo_8.csproj", "{09118A14-3610-47B1-9378-68741F721510}"
EndProject
Project("{FAE04EC0-301F-11D3-BF4B-00C04F79EFBC}") = "Tests", "Tests\Tests.csproj", "{52182369-91C7-47BA-8D6A-05AA735DBCAD}"
EndProject
Global
	GlobalSection(SolutionConfigurationPlatforms) = preSolution
		Debug|Any CPU = Debug|Any CPU
		Release|Any CPU = Release|Any CPU
	EndGlobalSection
	GlobalSection(ProjectConfigurationPlatforms) = postSolution
		{09118A14-3610-47B1-9378-68741F721510}.Debug|Any CPU.ActiveCfg = Debug|Any CPU
		{09118A14-3610-47B1-9378-68741F721510}.Debug|Any CPU.Build.0 = Debug|Any CPU
		{09118A14-3610-47B1-9378-68741F721510}.Release|Any CPU.ActiveCfg = Release|Any CPU
		{09118A14-3610-47B1-9378-68741F721510}.Release|Any CPU.Build.0 = Release|Any CPU
		{52182369-91C7-47BA-8D6A-05AA735DBCAD}.Debug|Any CPU.ActiveCfg = Debug|Any CPU
		{52182369-91C7-47BA-8D6A-05AA735DBCAD}.Debug|Any CPU.Build.0 = Debug|Any CPU
		{52182369-91C7-47BA-8D6A-05AA735DBCAD}.Release|Any CPU.ActiveCfg = Release|Any CPU
		{52182369-91C7-47BA-8D6A-05AA735DBCAD}.Release|Any CPU.Build.0 = Release|Any CPU
	EndGlobalSection
	GlobalSection(SolutionProperties) = preSolution
		HideSolutionNode = FALSE
	EndGlobalSection
	GlobalSection(ExtensibilityGlobals) = postSolution
		SolutionGuid = {E2377E2F-E6E5-4090-AFE4-E1558F0108E5}
	EndGlobalSection
EndGlobal
