
Microsoft Visual Studio Solution File, Format Version 12.00
# Visual Studio 15
VisualStudioVersion = 15.0.28307.1267
MinimumVisualStudioVersion = 10.0.40219.1
Project("{FAE04EC0-301F-11D3-BF4B-00C04F79EFBC}") = "Epo_3", "Epo_3\Epo_3.csproj", "{31F70CAA-F4CE-4FDA-B5F9-A6B01B528B3D}"
EndProject
Project("{FAE04EC0-301F-11D3-BF4B-00C04F79EFBC}") = "Tests", "Tests\Tests.csproj", "{241AB151-8E9F-4ABD-9DB3-5EC5B123B859}"
EndProject
Global
	GlobalSection(SolutionConfigurationPlatforms) = preSolution
		Debug|Any CPU = Debug|Any CPU
		Release|Any CPU = Release|Any CPU
	EndGlobalSection
	GlobalSection(ProjectConfigurationPlatforms) = postSolution
		{31F70CAA-F4CE-4FDA-B5F9-A6B01B528B3D}.Debug|Any CPU.ActiveCfg = Debug|Any CPU
		{31F70CAA-F4CE-4FDA-B5F9-A6B01B528B3D}.Debug|Any CPU.Build.0 = Debug|Any CPU
		{31F70CAA-F4CE-4FDA-B5F9-A6B01B528B3D}.Release|Any CPU.ActiveCfg = Release|Any CPU
		{31F70CAA-F4CE-4FDA-B5F9-A6B01B528B3D}.Release|Any CPU.Build.0 = Release|Any CPU
		{241AB151-8E9F-4ABD-9DB3-5EC5B123B859}.Debug|Any CPU.ActiveCfg = Debug|Any CPU
		{241AB151-8E9F-4ABD-9DB3-5EC5B123B859}.Debug|Any CPU.Build.0 = Debug|Any CPU
		{241AB151-8E9F-4ABD-9DB3-5EC5B123B859}.Release|Any CPU.ActiveCfg = Release|Any CPU
		{241AB151-8E9F-4ABD-9DB3-5EC5B123B859}.Release|Any CPU.Build.0 = Release|Any CPU
	EndGlobalSection
	GlobalSection(SolutionProperties) = preSolution
		HideSolutionNode = FALSE
	EndGlobalSection
	GlobalSection(ExtensibilityGlobals) = postSolution
		SolutionGuid = {3168CEAF-53A0-4448-9B11-3AEE4BF820F1}
	EndGlobalSection
EndGlobal
